
Microsoft Visual Studio Solution File, Format Version 12.00
# Visual Studio Version 17
VisualStudioVersion = 17.11.35222.181
MinimumVisualStudioVersion = 10.0.40219.1
Project("{FAE04EC0-301F-11D3-BF4B-00C04F79EFBC}") = "Calculator project", "Calculator project.csproj", "{BD0C6D5F-A6AA-4D5F-B517-613C8511FEEA}"
EndProject
Global
	GlobalSection(SolutionConfigurationPlatforms) = preSolution
		Debug|Any CPU = Debug|Any CPU
		Release|Any CPU = Release|Any CPU
	EndGlobalSection
	GlobalSection(ProjectConfigurationPlatforms) = postSolution
		{BD0C6D5F-A6AA-4D5F-B517-613C8511FEEA}.Debug|Any CPU.ActiveCfg = Debug|Any CPU
		{BD0C6D5F-A6AA-4D5F-B517-613C8511FEEA}.Debug|Any CPU.Build.0 = Debug|Any CPU
		{BD0C6D5F-A6AA-4D5F-B517-613C8511FEEA}.Release|Any CPU.ActiveCfg = Release|Any CPU
		{BD0C6D5F-A6AA-4D5F-B517-613C8511FEEA}.Release|Any CPU.Build.0 = Release|Any CPU
	EndGlobalSection
	GlobalSection(SolutionProperties) = preSolution
		HideSolutionNode = FALSE
	EndGlobalSection
	GlobalSection(ExtensibilityGlobals) = postSolution
		SolutionGuid = {E8AC5A22-FE3F-4925-A223-F4CF0F2D5617}
	EndGlobalSection
EndGlobal
